// !$*UTF8*$!
{
	archiveVersion = 1;
	classes = {
	};
	objectVersion = 77;
	objects = {

/* Begin PBXBuildFile section */
		021392BFE0544F5A799DD9A3 /* MLX in Frameworks */ = {isa = PBXBuildFile; productRef = AA97FEE2AEDBA8EEF1AD0265 /* MLX */; };
		028E157986F5C02E2CDFC13B /* LearnFromEverything.swift in Sources */ = {isa = PBXBuildFile; fileRef = 382912C2C1CAFC13A3368A6C /* LearnFromEverything.swift */; };
		06AF1CE54976BE24B076E3B3 /* FineTuningDemo.swift in Sources */ = {isa = PBXBuildFile; fileRef = 08898AF9C79CA23532E18E86 /* FineTuningDemo.swift */; };
		15A8B694D9962BAD826D3520 /* PersistentMemory.swift in Sources */ = {isa = PBXBuildFile; fileRef = 5FD1101E648A908AF5E6FB8A /* PersistentMemory.swift */; };
		1AE730BA27590FD31A3EACED /* AgentToolkit.swift in Sources */ = {isa = PBXBuildFile; fileRef = 816781D034F9CD5BFE6B111B /* AgentToolkit.swift */; };
		20A34FF249486ECCD3D72682 /* AppNavigation.swift.backup in Resources */ = {isa = PBXBuildFile; fileRef = 2AF6A8138EB867C530E313C4 /* AppNavigation.swift.backup */; };
		232B7F5320D76107461D48D9 /* ScreenAgentDemo.swift in Sources */ = {isa = PBXBuildFile; fileRef = 2274E534BB019167407D2268 /* ScreenAgentDemo.swift */; };
		2ABE45A6BB8B5206E021C7FB /* AppNavigation.swift in Sources */ = {isa = PBXBuildFile; fileRef = 35A8FC4924F81BC9825ACB7B /* AppNavigation.swift */; };
		30CFF80598CCF721B6FE8129 /* DeepHardcore.swift in Sources */ = {isa = PBXBuildFile; fileRef = F826E08A5FB80E38FF750D26 /* DeepHardcore.swift */; };
		33864D2154A75A53C995CCD7 /* ConversationStore.swift in Sources */ = {isa = PBXBuildFile; fileRef = 835ED7A4406A3A3F3BADB52C /* ConversationStore.swift */; };
		3BC47EEF384BDE545D225C8D /* TakeoverDemo.swift in Sources */ = {isa = PBXBuildFile; fileRef = 05452E74B7B3F20982456EF0 /* TakeoverDemo.swift */; };
		3BF7DE8E7894D5A39EC00AB0 /* VikingMemoryDemo.swift in Sources */ = {isa = PBXBuildFile; fileRef = D5302A8E66B293BD4923E0E5 /* VikingMemoryDemo.swift */; };
		3F66450376AF232A8BE2816B /* MLXInference.swift in Sources */ = {isa = PBXBuildFile; fileRef = A4B3DC8B0CF6BF4E2E599844 /* MLXInference.swift */; };
		422314F932947AAFCDA7571A /* Errors.swift in Sources */ = {isa = PBXBuildFile; fileRef = 175F3AE21D3981C5AA570B9A /* Errors.swift */; };
		476BB619846A9C0A8BBB8175 /* Supercharged.swift in Sources */ = {isa = PBXBuildFile; fileRef = F6FB7CCA92A83CE9E8DC3F14 /* Supercharged.swift */; };
		53AD36E709C0CF5C8C98A4B0 /* DeepIntelligence.swift in Sources */ = {isa = PBXBuildFile; fileRef = 59A0B3B3AC809AFC192E9C1C /* DeepIntelligence.swift */; };
		53B7672AD95B67B05AB4320B /* Platform.swift in Sources */ = {isa = PBXBuildFile; fileRef = A3668A1EA0A3AEDD1E740C88 /* Platform.swift */; };
		647E94DA333763543BA18234 /* MLXRandom in Frameworks */ = {isa = PBXBuildFile; productRef = CCCD37F6351B5B5467FE8447 /* MLXRandom */; };
		68770549538B9294ECD014BF /* ZeroDarkApp.swift in Sources */ = {isa = PBXBuildFile; fileRef = B5A30C780ED86315A8054FF0 /* ZeroDarkApp.swift */; };
		6F861DECC674A47A9BB0EFBA /* ConversationMemory.swift in Sources */ = {isa = PBXBuildFile; fileRef = 6E47F1EF243AF9A3D78D2718 /* ConversationMemory.swift */; };
		7DE066E462D0021A24897B46 /* Models.swift in Sources */ = {isa = PBXBuildFile; fileRef = 6BFCD0B64B3511B7DCF0C8D1 /* Models.swift */; };
		81E163D5914F99BEB771B696 /* MLXVLM in Frameworks */ = {isa = PBXBuildFile; productRef = 046213D0BE5B052726141D0C /* MLXVLM */; };
		84F0FEA5972B1244195F6A1F /* AdvancedToolkit.swift in Sources */ = {isa = PBXBuildFile; fileRef = 43DD6FFFF9CF1A7CBE973536 /* AdvancedToolkit.swift */; };
		850090827DFA6F08E668CAF0 /* IdentitySettings.swift in Sources */ = {isa = PBXBuildFile; fileRef = 29154E384742ADC5086D39A7 /* IdentitySettings.swift */; };
		8E3A1E2D3523ED0C5E0F19BE /* MLXLMCommon in Frameworks */ = {isa = PBXBuildFile; productRef = 20FF628C6794688C49F134AA /* MLXLMCommon */; };
		9198566C0E583F738C7315C1 /* SiriIntents.swift in Sources */ = {isa = PBXBuildFile; fileRef = EDAF93B1BB313E8E9E98E960 /* SiriIntents.swift */; };
		9BF5B3FB7BDFFACD8478A7CB /* ZeroSwarm.swift in Sources */ = {isa = PBXBuildFile; fileRef = 0F4BE2325A0D2575889427E7 /* ZeroSwarm.swift */; };
		9FFCC343D51FDA044A644D03 /* InfiniteMemory.swift in Sources */ = {isa = PBXBuildFile; fileRef = 91304B5BE56559E8B26AF9DC /* InfiniteMemory.swift */; };
		A749133B7839E12100BBD650 /* MLXNN in Frameworks */ = {isa = PBXBuildFile; productRef = A03CBFEA930ADC987F194389 /* MLXNN */; };
		AE582529E2D291BEB4985F50 /* DeepInference.swift in Sources */ = {isa = PBXBuildFile; fileRef = 60C876D3C57B06E83C7E04D3 /* DeepInference.swift */; };
		B62D00FF671FF53F743C1CE3 /* MLXOptimizers in Frameworks */ = {isa = PBXBuildFile; productRef = E522DD8741FA5C30E47CD1C7 /* MLXOptimizers */; };
		BE2F07912C7BDF8369329755 /* AgentIdentity.swift in Sources */ = {isa = PBXBuildFile; fileRef = 18AD4EBD04BC450EBB0B5C84 /* AgentIdentity.swift */; };
		C818CCD1A4082257E923986E /* VikingMemoryIntegration.swift in Sources */ = {isa = PBXBuildFile; fileRef = 35391EFCAD9E99306498C910 /* VikingMemoryIntegration.swift */; };
		CE3C302A4D8AE257AFECAA90 /* ContentView.swift in Sources */ = {isa = PBXBuildFile; fileRef = 4348F669E425B72D193825B3 /* ContentView.swift */; };
		D958779E01D8301EDD0F7B4A /* NuclearDemo.swift in Sources */ = {isa = PBXBuildFile; fileRef = 3FD20E6F0EDD16690BBAC8EA /* NuclearDemo.swift */; };
		E68A530BD1DA5BCD7701F625 /* VoiceSynthesis.swift in Sources */ = {isa = PBXBuildFile; fileRef = 117EE08778EFB368B6D187DB /* VoiceSynthesis.swift */; };
		F718FEA8EFFF0363B8D1AD9C /* MLXLLM in Frameworks */ = {isa = PBXBuildFile; productRef = D5C39CF09FC950266A971D4F /* MLXLLM */; };
		FA5388B0138A6ACC1687E6E1 /* TieredMemory.swift in Sources */ = {isa = PBXBuildFile; fileRef = 0E4528A517F73AD88C5708DD /* TieredMemory.swift */; };
		FBB2438FB4DF7D72E5FD2F9E /* RocketFuel.swift in Sources */ = {isa = PBXBuildFile; fileRef = FBA832EABDB726B00BE6D386 /* RocketFuel.swift */; };
/* End PBXBuildFile section */

/* Begin PBXFileReference section */
		05452E74B7B3F20982456EF0 /* TakeoverDemo.swift */ = {isa = PBXFileReference; lastKnownFileType = sourcecode.swift; path = TakeoverDemo.swift; sourceTree = "<group>"; };
		08898AF9C79CA23532E18E86 /* FineTuningDemo.swift */ = {isa = PBXFileReference; lastKnownFileType = sourcecode.swift; path = FineTuningDemo.swift; sourceTree = "<group>"; };
		0E4528A517F73AD88C5708DD /* TieredMemory.swift */ = {isa = PBXFileReference; lastKnownFileType = sourcecode.swift; path = TieredMemory.swift; sourceTree = "<group>"; };
		0F4BE2325A0D2575889427E7 /* ZeroSwarm.swift */ = {isa = PBXFileReference; lastKnownFileType = sourcecode.swift; path = ZeroSwarm.swift; sourceTree = "<group>"; };
		117EE08778EFB368B6D187DB /* VoiceSynthesis.swift */ = {isa = PBXFileReference; lastKnownFileType = sourcecode.swift; path = VoiceSynthesis.swift; sourceTree = "<group>"; };
		175F3AE21D3981C5AA570B9A /* Errors.swift */ = {isa = PBXFileReference; lastKnownFileType = sourcecode.swift; path = Errors.swift; sourceTree = "<group>"; };
		18AD4EBD04BC450EBB0B5C84 /* AgentIdentity.swift */ = {isa = PBXFileReference; lastKnownFileType = sourcecode.swift; path = AgentIdentity.swift; sourceTree = "<group>"; };
		2274E534BB019167407D2268 /* ScreenAgentDemo.swift */ = {isa = PBXFileReference; lastKnownFileType = sourcecode.swift; path = ScreenAgentDemo.swift; sourceTree = "<group>"; };
		29154E384742ADC5086D39A7 /* IdentitySettings.swift */ = {isa = PBXFileReference; lastKnownFileType = sourcecode.swift; path = IdentitySettings.swift; sourceTree = "<group>"; };
		2AF6A8138EB867C530E313C4 /* AppNavigation.swift.backup */ = {isa = PBXFileReference; path = AppNavigation.swift.backup; sourceTree = "<group>"; };
		35391EFCAD9E99306498C910 /* VikingMemoryIntegration.swift */ = {isa = PBXFileReference; lastKnownFileType = sourcecode.swift; path = VikingMemoryIntegration.swift; sourceTree = "<group>"; };
		35A8FC4924F81BC9825ACB7B /* AppNavigation.swift */ = {isa = PBXFileReference; lastKnownFileType = sourcecode.swift; path = AppNavigation.swift; sourceTree = "<group>"; };
		382912C2C1CAFC13A3368A6C /* LearnFromEverything.swift */ = {isa = PBXFileReference; lastKnownFileType = sourcecode.swift; path = LearnFromEverything.swift; sourceTree = "<group>"; };
		3FD20E6F0EDD16690BBAC8EA /* NuclearDemo.swift */ = {isa = PBXFileReference; lastKnownFileType = sourcecode.swift; path = NuclearDemo.swift; sourceTree = "<group>"; };
		4348F669E425B72D193825B3 /* ContentView.swift */ = {isa = PBXFileReference; lastKnownFileType = sourcecode.swift; path = ContentView.swift; sourceTree = "<group>"; };
		43DD6FFFF9CF1A7CBE973536 /* AdvancedToolkit.swift */ = {isa = PBXFileReference; lastKnownFileType = sourcecode.swift; path = AdvancedToolkit.swift; sourceTree = "<group>"; };
		59A0B3B3AC809AFC192E9C1C /* DeepIntelligence.swift */ = {isa = PBXFileReference; lastKnownFileType = sourcecode.swift; path = DeepIntelligence.swift; sourceTree = "<group>"; };
		5FD1101E648A908AF5E6FB8A /* PersistentMemory.swift */ = {isa = PBXFileReference; lastKnownFileType = sourcecode.swift; path = PersistentMemory.swift; sourceTree = "<group>"; };
		60C876D3C57B06E83C7E04D3 /* DeepInference.swift */ = {isa = PBXFileReference; lastKnownFileType = sourcecode.swift; path = DeepInference.swift; sourceTree = "<group>"; };
		6BFCD0B64B3511B7DCF0C8D1 /* Models.swift */ = {isa = PBXFileReference; lastKnownFileType = sourcecode.swift; path = Models.swift; sourceTree = "<group>"; };
		6E47F1EF243AF9A3D78D2718 /* ConversationMemory.swift */ = {isa = PBXFileReference; lastKnownFileType = sourcecode.swift; path = ConversationMemory.swift; sourceTree = "<group>"; };
		7A623377610C8D143B7DAD0F /* ZeroDark.app */ = {isa = PBXFileReference; includeInIndex = 0; lastKnownFileType = wrapper.application; path = ZeroDark.app; sourceTree = BUILT_PRODUCTS_DIR; };
		816781D034F9CD5BFE6B111B /* AgentToolkit.swift */ = {isa = PBXFileReference; lastKnownFileType = sourcecode.swift; path = AgentToolkit.swift; sourceTree = "<group>"; };
		835ED7A4406A3A3F3BADB52C /* ConversationStore.swift */ = {isa = PBXFileReference; lastKnownFileType = sourcecode.swift; path = ConversationStore.swift; sourceTree = "<group>"; };
		91304B5BE56559E8B26AF9DC /* InfiniteMemory.swift */ = {isa = PBXFileReference; lastKnownFileType = sourcecode.swift; path = InfiniteMemory.swift; sourceTree = "<group>"; };
		A3668A1EA0A3AEDD1E740C88 /* Platform.swift */ = {isa = PBXFileReference; lastKnownFileType = sourcecode.swift; path = Platform.swift; sourceTree = "<group>"; };
		A4B3DC8B0CF6BF4E2E599844 /* MLXInference.swift */ = {isa = PBXFileReference; lastKnownFileType = sourcecode.swift; path = MLXInference.swift; sourceTree = "<group>"; };
		B5A30C780ED86315A8054FF0 /* ZeroDarkApp.swift */ = {isa = PBXFileReference; lastKnownFileType = sourcecode.swift; path = ZeroDarkApp.swift; sourceTree = "<group>"; };
		D5302A8E66B293BD4923E0E5 /* VikingMemoryDemo.swift */ = {isa = PBXFileReference; lastKnownFileType = sourcecode.swift; path = VikingMemoryDemo.swift; sourceTree = "<group>"; };
		EDAF93B1BB313E8E9E98E960 /* SiriIntents.swift */ = {isa = PBXFileReference; lastKnownFileType = sourcecode.swift; path = SiriIntents.swift; sourceTree = "<group>"; };
		F6FB7CCA92A83CE9E8DC3F14 /* Supercharged.swift */ = {isa = PBXFileReference; lastKnownFileType = sourcecode.swift; path = Supercharged.swift; sourceTree = "<group>"; };
		F826E08A5FB80E38FF750D26 /* DeepHardcore.swift */ = {isa = PBXFileReference; lastKnownFileType = sourcecode.swift; path = DeepHardcore.swift; sourceTree = "<group>"; };
		FBA832EABDB726B00BE6D386 /* RocketFuel.swift */ = {isa = PBXFileReference; lastKnownFileType = sourcecode.swift; path = RocketFuel.swift; sourceTree = "<group>"; };
/* End PBXFileReference section */

/* Begin PBXFrameworksBuildPhase section */
		535E7192CEBC35364AB82A91 /* Frameworks */ = {
			isa = PBXFrameworksBuildPhase;
			buildActionMask = 2147483647;
			files = (
				021392BFE0544F5A799DD9A3 /* MLX in Frameworks */,
				647E94DA333763543BA18234 /* MLXRandom in Frameworks */,
				A749133B7839E12100BBD650 /* MLXNN in Frameworks */,
				B62D00FF671FF53F743C1CE3 /* MLXOptimizers in Frameworks */,
				F718FEA8EFFF0363B8D1AD9C /* MLXLLM in Frameworks */,
				8E3A1E2D3523ED0C5E0F19BE /* MLXLMCommon in Frameworks */,
				81E163D5914F99BEB771B696 /* MLXVLM in Frameworks */,
			);
			runOnlyForDeploymentPostprocessing = 0;
		};
/* End PBXFrameworksBuildPhase section */

/* Begin PBXGroup section */
		0727435835E11FEBC76603A1 /* App */ = {
			isa = PBXGroup;
			children = (
				35A8FC4924F81BC9825ACB7B /* AppNavigation.swift */,
				2AF6A8138EB867C530E313C4 /* AppNavigation.swift.backup */,
				08898AF9C79CA23532E18E86 /* FineTuningDemo.swift */,
				29154E384742ADC5086D39A7 /* IdentitySettings.swift */,
				3FD20E6F0EDD16690BBAC8EA /* NuclearDemo.swift */,
				2274E534BB019167407D2268 /* ScreenAgentDemo.swift */,
				EDAF93B1BB313E8E9E98E960 /* SiriIntents.swift */,
				05452E74B7B3F20982456EF0 /* TakeoverDemo.swift */,
			);
			path = App;
			sourceTree = "<group>";
		};
		1A4AAF57146BB7D27C77F518 /* Products */ = {
			isa = PBXGroup;
			children = (
				7A623377610C8D143B7DAD0F /* ZeroDark.app */,
			);
			name = Products;
			sourceTree = "<group>";
		};
		4A705B5D54AEF66B221A1CCA /* App */ = {
			isa = PBXGroup;
			children = (
				4348F669E425B72D193825B3 /* ContentView.swift */,
				B5A30C780ED86315A8054FF0 /* ZeroDarkApp.swift */,
			);
			path = App;
			sourceTree = "<group>";
		};
		A57C2F11A49214B2B84B7FB9 /* Identity */ = {
			isa = PBXGroup;
			children = (
				18AD4EBD04BC450EBB0B5C84 /* AgentIdentity.swift */,
				117EE08778EFB368B6D187DB /* VoiceSynthesis.swift */,
			);
			path = Identity;
			sourceTree = "<group>";
		};
		AB548CED69E8B24A948CD04A = {
			isa = PBXGroup;
			children = (
				4A705B5D54AEF66B221A1CCA /* App */,
				C7D66D91AB795626008E43EE /* MLXEdgeLLM */,
				1A4AAF57146BB7D27C77F518 /* Products */,
			);
			sourceTree = "<group>";
		};
		C7D66D91AB795626008E43EE /* MLXEdgeLLM */ = {
			isa = PBXGroup;
			children = (
				835ED7A4406A3A3F3BADB52C /* ConversationStore.swift */,
				175F3AE21D3981C5AA570B9A /* Errors.swift */,
				6BFCD0B64B3511B7DCF0C8D1 /* Models.swift */,
				A3668A1EA0A3AEDD1E740C88 /* Platform.swift */,
				0727435835E11FEBC76603A1 /* App */,
				A57C2F11A49214B2B84B7FB9 /* Identity */,
				CF06FED3D090FA6E8052E333 /* Intelligence */,
			);
			name = MLXEdgeLLM;
			path = Sources/MLXEdgeLLM;
			sourceTree = "<group>";
		};
		CF06FED3D090FA6E8052E333 /* Intelligence */ = {
			isa = PBXGroup;
			children = (
				43DD6FFFF9CF1A7CBE973536 /* AdvancedToolkit.swift */,
				816781D034F9CD5BFE6B111B /* AgentToolkit.swift */,
				6E47F1EF243AF9A3D78D2718 /* ConversationMemory.swift */,
				F826E08A5FB80E38FF750D26 /* DeepHardcore.swift */,
				60C876D3C57B06E83C7E04D3 /* DeepInference.swift */,
				59A0B3B3AC809AFC192E9C1C /* DeepIntelligence.swift */,
				91304B5BE56559E8B26AF9DC /* InfiniteMemory.swift */,
				382912C2C1CAFC13A3368A6C /* LearnFromEverything.swift */,
				A4B3DC8B0CF6BF4E2E599844 /* MLXInference.swift */,
				5FD1101E648A908AF5E6FB8A /* PersistentMemory.swift */,
				FBA832EABDB726B00BE6D386 /* RocketFuel.swift */,
				F6FB7CCA92A83CE9E8DC3F14 /* Supercharged.swift */,
				0E4528A517F73AD88C5708DD /* TieredMemory.swift */,
				D5302A8E66B293BD4923E0E5 /* VikingMemoryDemo.swift */,
				35391EFCAD9E99306498C910 /* VikingMemoryIntegration.swift */,
				0F4BE2325A0D2575889427E7 /* ZeroSwarm.swift */,
			);
			path = Intelligence;
			sourceTree = "<group>";
		};
/* End PBXGroup section */

/* Begin PBXNativeTarget section */
		DC38F0FAEAB99E98AB801F38 /* ZeroDark */ = {
			isa = PBXNativeTarget;
			buildConfigurationList = 8DBBDB84226412A5D0E6125C /* Build configuration list for PBXNativeTarget "ZeroDark" */;
			buildPhases = (
				93B65E3B493755AC09C17265 /* Sources */,
				7756D9E0F2970E9238833DBA /* Resources */,
				535E7192CEBC35364AB82A91 /* Frameworks */,
			);
			buildRules = (
			);
			dependencies = (
			);
			name = ZeroDark;
			packageProductDependencies = (
				AA97FEE2AEDBA8EEF1AD0265 /* MLX */,
				CCCD37F6351B5B5467FE8447 /* MLXRandom */,
				A03CBFEA930ADC987F194389 /* MLXNN */,
				E522DD8741FA5C30E47CD1C7 /* MLXOptimizers */,
				D5C39CF09FC950266A971D4F /* MLXLLM */,
				20FF628C6794688C49F134AA /* MLXLMCommon */,
				046213D0BE5B052726141D0C /* MLXVLM */,
			);
			productName = ZeroDark;
			productReference = 7A623377610C8D143B7DAD0F /* ZeroDark.app */;
			productType = "com.apple.product-type.application";
		};
/* End PBXNativeTarget section */

/* Begin PBXProject section */
		DD09C9E169D3A267817EA875 /* Project object */ = {
			isa = PBXProject;
			attributes = {
				BuildIndependentTargetsInParallel = YES;
				LastUpgradeCheck = 1500;
				TargetAttributes = {
					DC38F0FAEAB99E98AB801F38 = {
						ProvisioningStyle = Automatic;
					};
				};
			};
			buildConfigurationList = E671A76EB39E884D934B5856 /* Build configuration list for PBXProject "ZeroDark" */;
			compatibilityVersion = "Xcode 14.0";
			developmentRegion = en;
			hasScannedForEncodings = 0;
			knownRegions = (
				Base,
				en,
			);
			mainGroup = AB548CED69E8B24A948CD04A;
			minimizedProjectReferenceProxies = 1;
			packageReferences = (
				DA7E243DC7E0888DEC3D486F /* XCRemoteSwiftPackageReference "mlx-swift" */,
				8A2631D37B61B8FA19C06643 /* XCRemoteSwiftPackageReference "mlx-swift-lm" */,
			);
			preferredProjectObjectVersion = 77;
			projectDirPath = "";
			projectRoot = "";
			targets = (
				DC38F0FAEAB99E98AB801F38 /* ZeroDark */,
			);
		};
/* End PBXProject section */

/* Begin PBXResourcesBuildPhase section */
		7756D9E0F2970E9238833DBA /* Resources */ = {
			isa = PBXResourcesBuildPhase;
			buildActionMask = 2147483647;
			files = (
				20A34FF249486ECCD3D72682 /* AppNavigation.swift.backup in Resources */,
			);
			runOnlyForDeploymentPostprocessing = 0;
		};
/* End PBXResourcesBuildPhase section */

/* Begin PBXSourcesBuildPhase section */
		93B65E3B493755AC09C17265 /* Sources */ = {
			isa = PBXSourcesBuildPhase;
			buildActionMask = 2147483647;
			files = (
				84F0FEA5972B1244195F6A1F /* AdvancedToolkit.swift in Sources */,
				BE2F07912C7BDF8369329755 /* AgentIdentity.swift in Sources */,
				1AE730BA27590FD31A3EACED /* AgentToolkit.swift in Sources */,
				2ABE45A6BB8B5206E021C7FB /* AppNavigation.swift in Sources */,
				CE3C302A4D8AE257AFECAA90 /* ContentView.swift in Sources */,
				6F861DECC674A47A9BB0EFBA /* ConversationMemory.swift in Sources */,
				33864D2154A75A53C995CCD7 /* ConversationStore.swift in Sources */,
				30CFF80598CCF721B6FE8129 /* DeepHardcore.swift in Sources */,
				AE582529E2D291BEB4985F50 /* DeepInference.swift in Sources */,
				53AD36E709C0CF5C8C98A4B0 /* DeepIntelligence.swift in Sources */,
				422314F932947AAFCDA7571A /* Errors.swift in Sources */,
				06AF1CE54976BE24B076E3B3 /* FineTuningDemo.swift in Sources */,
				850090827DFA6F08E668CAF0 /* IdentitySettings.swift in Sources */,
				9FFCC343D51FDA044A644D03 /* InfiniteMemory.swift in Sources */,
				028E157986F5C02E2CDFC13B /* LearnFromEverything.swift in Sources */,
				3F66450376AF232A8BE2816B /* MLXInference.swift in Sources */,
				7DE066E462D0021A24897B46 /* Models.swift in Sources */,
				D958779E01D8301EDD0F7B4A /* NuclearDemo.swift in Sources */,
				15A8B694D9962BAD826D3520 /* PersistentMemory.swift in Sources */,
				53B7672AD95B67B05AB4320B /* Platform.swift in Sources */,
				FBB2438FB4DF7D72E5FD2F9E /* RocketFuel.swift in Sources */,
				232B7F5320D76107461D48D9 /* ScreenAgentDemo.swift in Sources */,
				9198566C0E583F738C7315C1 /* SiriIntents.swift in Sources */,
				476BB619846A9C0A8BBB8175 /* Supercharged.swift in Sources */,
				3BC47EEF384BDE545D225C8D /* TakeoverDemo.swift in Sources */,
				FA5388B0138A6ACC1687E6E1 /* TieredMemory.swift in Sources */,
				3BF7DE8E7894D5A39EC00AB0 /* VikingMemoryDemo.swift in Sources */,
				C818CCD1A4082257E923986E /* VikingMemoryIntegration.swift in Sources */,
				E68A530BD1DA5BCD7701F625 /* VoiceSynthesis.swift in Sources */,
				68770549538B9294ECD014BF /* ZeroDarkApp.swift in Sources */,
				9BF5B3FB7BDFFACD8478A7CB /* ZeroSwarm.swift in Sources */,
			);
			runOnlyForDeploymentPostprocessing = 0;
		};
/* End PBXSourcesBuildPhase section */

/* Begin XCBuildConfiguration section */
		25015E5B09734DF392EB1EF8 /* Release */ = {
			isa = XCBuildConfiguration;
			buildSettings = {
				ASSETCATALOG_COMPILER_APPICON_NAME = AppIcon;
				CODE_SIGN_ENTITLEMENTS = ZeroDark.entitlements;
				CODE_SIGN_IDENTITY = "iPhone Developer";
				CODE_SIGN_STYLE = Automatic;
				CURRENT_PROJECT_VERSION = 1;
				ENABLE_USER_SCRIPT_SANDBOXING = NO;
				GENERATE_INFOPLIST_FILE = YES;
				INFOPLIST_KEY_UILaunchScreen_Generation = YES;
				INFOPLIST_KEY_UISupportedInterfaceOrientations = "UIInterfaceOrientationPortrait UIInterfaceOrientationLandscapeLeft UIInterfaceOrientationLandscapeRight";
				LD_RUNPATH_SEARCH_PATHS = (
					"$(inherited)",
					"@executable_path/Frameworks",
				);
				MARKETING_VERSION = 1.0.0;
				PRODUCT_BUNDLE_IDENTIFIER = com.bobbyhansen.zerodark;
				SDKROOT = iphoneos;
				SWIFT_STRICT_CONCURRENCY = minimal;
				TARGETED_DEVICE_FAMILY = "1,2";
			};
			name = Release;
		};
		391D3F76977DD43425E21214 /* Debug */ = {
			isa = XCBuildConfiguration;
			buildSettings = {
				ASSETCATALOG_COMPILER_APPICON_NAME = AppIcon;
				CODE_SIGN_ENTITLEMENTS = ZeroDark.entitlements;
				CODE_SIGN_IDENTITY = "iPhone Developer";
				CODE_SIGN_STYLE = Automatic;
				CURRENT_PROJECT_VERSION = 1;
				ENABLE_USER_SCRIPT_SANDBOXING = NO;
				GENERATE_INFOPLIST_FILE = YES;
				INFOPLIST_KEY_UILaunchScreen_Generation = YES;
				INFOPLIST_KEY_UISupportedInterfaceOrientations = "UIInterfaceOrientationPortrait UIInterfaceOrientationLandscapeLeft UIInterfaceOrientationLandscapeRight";
				LD_RUNPATH_SEARCH_PATHS = (
					"$(inherited)",
					"@executable_path/Frameworks",
				);
				MARKETING_VERSION = 1.0.0;
				PRODUCT_BUNDLE_IDENTIFIER = com.bobbyhansen.zerodark;
				SDKROOT = iphoneos;
				SWIFT_STRICT_CONCURRENCY = minimal;
				TARGETED_DEVICE_FAMILY = "1,2";
			};
			name = Debug;
		};
		7C8D63DD53D71FD38F8F0F49 /* Release */ = {
			isa = XCBuildConfiguration;
			buildSettings = {
				ALWAYS_SEARCH_USER_PATHS = NO;
				CLANG_ANALYZER_NONNULL = YES;
				CLANG_ANALYZER_NUMBER_OBJECT_CONVERSION = YES_AGGRESSIVE;
				CLANG_CXX_LANGUAGE_STANDARD = "gnu++14";
				CLANG_CXX_LIBRARY = "libc++";
				CLANG_ENABLE_MODULES = YES;
				CLANG_ENABLE_OBJC_ARC = YES;
				CLANG_ENABLE_OBJC_WEAK = YES;
				CLANG_WARN_BLOCK_CAPTURE_AUTORELEASING = YES;
				CLANG_WARN_BOOL_CONVERSION = YES;
				CLANG_WARN_COMMA = YES;
				CLANG_WARN_CONSTANT_CONVERSION = YES;
				CLANG_WARN_DEPRECATED_OBJC_IMPLEMENTATIONS = YES;
				CLANG_WARN_DIRECT_OBJC_ISA_USAGE = YES_ERROR;
				CLANG_WARN_DOCUMENTATION_COMMENTS = YES;
				CLANG_WARN_EMPTY_BODY = YES;
				CLANG_WARN_ENUM_CONVERSION = YES;
				CLANG_WARN_INFINITE_RECURSION = YES;
				CLANG_WARN_INT_CONVERSION = YES;
				CLANG_WARN_NON_LITERAL_NULL_CONVERSION = YES;
				CLANG_WARN_OBJC_IMPLICIT_RETAIN_SELF = YES;
				CLANG_WARN_OBJC_LITERAL_CONVERSION = YES;
				CLANG_WARN_OBJC_ROOT_CLASS = YES_ERROR;
				CLANG_WARN_QUOTED_INCLUDE_IN_FRAMEWORK_HEADER = YES;
				CLANG_WARN_RANGE_LOOP_ANALYSIS = YES;
				CLANG_WARN_STRICT_PROTOTYPES = YES;
				CLANG_WARN_SUSPICIOUS_MOVE = YES;
				CLANG_WARN_UNGUARDED_AVAILABILITY = YES_AGGRESSIVE;
				CLANG_WARN_UNREACHABLE_CODE = YES;
				CLANG_WARN__DUPLICATE_METHOD_MATCH = YES;
				COPY_PHASE_STRIP = NO;
				DEBUG_INFORMATION_FORMAT = "dwarf-with-dsym";
				ENABLE_NS_ASSERTIONS = NO;
				ENABLE_STRICT_OBJC_MSGSEND = YES;
				GCC_C_LANGUAGE_STANDARD = gnu11;
				GCC_NO_COMMON_BLOCKS = YES;
				GCC_WARN_64_TO_32_BIT_CONVERSION = YES;
				GCC_WARN_ABOUT_RETURN_TYPE = YES_ERROR;
				GCC_WARN_UNDECLARED_SELECTOR = YES;
				GCC_WARN_UNINITIALIZED_AUTOS = YES_AGGRESSIVE;
				GCC_WARN_UNUSED_FUNCTION = YES;
				GCC_WARN_UNUSED_VARIABLE = YES;
				IPHONEOS_DEPLOYMENT_TARGET = 17.0;
				MACOSX_DEPLOYMENT_TARGET = 14.0;
				MTL_ENABLE_DEBUG_INFO = NO;
				MTL_FAST_MATH = YES;
				PRODUCT_NAME = "$(TARGET_NAME)";
				SDKROOT = iphoneos;
				SWIFT_COMPILATION_MODE = wholemodule;
				SWIFT_OPTIMIZATION_LEVEL = "-O";
				SWIFT_VERSION = 5.0;
			};
			name = Release;
		};
		D7C5836E1C571AF81DECC1E1 /* Debug */ = {
			isa = XCBuildConfiguration;
			buildSettings = {
				ALWAYS_SEARCH_USER_PATHS = NO;
				CLANG_ANALYZER_NONNULL = YES;
				CLANG_ANALYZER_NUMBER_OBJECT_CONVERSION = YES_AGGRESSIVE;
				CLANG_CXX_LANGUAGE_STANDARD = "gnu++14";
				CLANG_CXX_LIBRARY = "libc++";
				CLANG_ENABLE_MODULES = YES;
				CLANG_ENABLE_OBJC_ARC = YES;
				CLANG_ENABLE_OBJC_WEAK = YES;
				CLANG_WARN_BLOCK_CAPTURE_AUTORELEASING = YES;
				CLANG_WARN_BOOL_CONVERSION = YES;
				CLANG_WARN_COMMA = YES;
				CLANG_WARN_CONSTANT_CONVERSION = YES;
				CLANG_WARN_DEPRECATED_OBJC_IMPLEMENTATIONS = YES;
				CLANG_WARN_DIRECT_OBJC_ISA_USAGE = YES_ERROR;
				CLANG_WARN_DOCUMENTATION_COMMENTS = YES;
				CLANG_WARN_EMPTY_BODY = YES;
				CLANG_WARN_ENUM_CONVERSION = YES;
				CLANG_WARN_INFINITE_RECURSION = YES;
				CLANG_WARN_INT_CONVERSION = YES;
				CLANG_WARN_NON_LITERAL_NULL_CONVERSION = YES;
				CLANG_WARN_OBJC_IMPLICIT_RETAIN_SELF = YES;
				CLANG_WARN_OBJC_LITERAL_CONVERSION = YES;
				CLANG_WARN_OBJC_ROOT_CLASS = YES_ERROR;
				CLANG_WARN_QUOTED_INCLUDE_IN_FRAMEWORK_HEADER = YES;
				CLANG_WARN_RANGE_LOOP_ANALYSIS = YES;
				CLANG_WARN_STRICT_PROTOTYPES = YES;
				CLANG_WARN_SUSPICIOUS_MOVE = YES;
				CLANG_WARN_UNGUARDED_AVAILABILITY = YES_AGGRESSIVE;
				CLANG_WARN_UNREACHABLE_CODE = YES;
				CLANG_WARN__DUPLICATE_METHOD_MATCH = YES;
				COPY_PHASE_STRIP = NO;
				DEBUG_INFORMATION_FORMAT = dwarf;
				ENABLE_STRICT_OBJC_MSGSEND = YES;
				ENABLE_TESTABILITY = YES;
				GCC_C_LANGUAGE_STANDARD = gnu11;
				GCC_DYNAMIC_NO_PIC = NO;
				GCC_NO_COMMON_BLOCKS = YES;
				GCC_OPTIMIZATION_LEVEL = 0;
				GCC_PREPROCESSOR_DEFINITIONS = (
					"$(inherited)",
					"DEBUG=1",
				);
				GCC_WARN_64_TO_32_BIT_CONVERSION = YES;
				GCC_WARN_ABOUT_RETURN_TYPE = YES_ERROR;
				GCC_WARN_UNDECLARED_SELECTOR = YES;
				GCC_WARN_UNINITIALIZED_AUTOS = YES_AGGRESSIVE;
				GCC_WARN_UNUSED_FUNCTION = YES;
				GCC_WARN_UNUSED_VARIABLE = YES;
				IPHONEOS_DEPLOYMENT_TARGET = 17.0;
				MACOSX_DEPLOYMENT_TARGET = 14.0;
				MTL_ENABLE_DEBUG_INFO = INCLUDE_SOURCE;
				MTL_FAST_MATH = YES;
				ONLY_ACTIVE_ARCH = YES;
				PRODUCT_NAME = "$(TARGET_NAME)";
				SDKROOT = iphoneos;
				SWIFT_ACTIVE_COMPILATION_CONDITIONS = DEBUG;
				SWIFT_OPTIMIZATION_LEVEL = "-Onone";
				SWIFT_VERSION = 5.0;
			};
			name = Debug;
		};
/* End XCBuildConfiguration section */

/* Begin XCConfigurationList section */
		8DBBDB84226412A5D0E6125C /* Build configuration list for PBXNativeTarget "ZeroDark" */ = {
			isa = XCConfigurationList;
			buildConfigurations = (
				391D3F76977DD43425E21214 /* Debug */,
				25015E5B09734DF392EB1EF8 /* Release */,
			);
			defaultConfigurationIsVisible = 0;
			defaultConfigurationName = Debug;
		};
		E671A76EB39E884D934B5856 /* Build configuration list for PBXProject "ZeroDark" */ = {
			isa = XCConfigurationList;
			buildConfigurations = (
				D7C5836E1C571AF81DECC1E1 /* Debug */,
				7C8D63DD53D71FD38F8F0F49 /* Release */,
			);
			defaultConfigurationIsVisible = 0;
			defaultConfigurationName = Debug;
		};
/* End XCConfigurationList section */

/* Begin XCRemoteSwiftPackageReference section */
		8A2631D37B61B8FA19C06643 /* XCRemoteSwiftPackageReference "mlx-swift-lm" */ = {
			isa = XCRemoteSwiftPackageReference;
			repositoryURL = "https://github.com/ml-explore/mlx-swift-lm";
			requirement = {
				branch = main;
				kind = branch;
			};
		};
		DA7E243DC7E0888DEC3D486F /* XCRemoteSwiftPackageReference "mlx-swift" */ = {
			isa = XCRemoteSwiftPackageReference;
			repositoryURL = "https://github.com/ml-explore/mlx-swift";
			requirement = {
				kind = upToNextMajorVersion;
				minimumVersion = 0.18.0;
			};
		};
/* End XCRemoteSwiftPackageReference section */

/* Begin XCSwiftPackageProductDependency section */
		046213D0BE5B052726141D0C /* MLXVLM */ = {
			isa = XCSwiftPackageProductDependency;
			package = 8A2631D37B61B8FA19C06643 /* XCRemoteSwiftPackageReference "mlx-swift-lm" */;
			productName = MLXVLM;
		};
		20FF628C6794688C49F134AA /* MLXLMCommon */ = {
			isa = XCSwiftPackageProductDependency;
			package = 8A2631D37B61B8FA19C06643 /* XCRemoteSwiftPackageReference "mlx-swift-lm" */;
			productName = MLXLMCommon;
		};
		A03CBFEA930ADC987F194389 /* MLXNN */ = {
			isa = XCSwiftPackageProductDependency;
			package = DA7E243DC7E0888DEC3D486F /* XCRemoteSwiftPackageReference "mlx-swift" */;
			productName = MLXNN;
		};
		AA97FEE2AEDBA8EEF1AD0265 /* MLX */ = {
			isa = XCSwiftPackageProductDependency;
			package = DA7E243DC7E0888DEC3D486F /* XCRemoteSwiftPackageReference "mlx-swift" */;
			productName = MLX;
		};
		CCCD37F6351B5B5467FE8447 /* MLXRandom */ = {
			isa = XCSwiftPackageProductDependency;
			package = DA7E243DC7E0888DEC3D486F /* XCRemoteSwiftPackageReference "mlx-swift" */;
			productName = MLXRandom;
		};
		D5C39CF09FC950266A971D4F /* MLXLLM */ = {
			isa = XCSwiftPackageProductDependency;
			package = 8A2631D37B61B8FA19C06643 /* XCRemoteSwiftPackageReference "mlx-swift-lm" */;
			productName = MLXLLM;
		};
		E522DD8741FA5C30E47CD1C7 /* MLXOptimizers */ = {
			isa = XCSwiftPackageProductDependency;
			package = DA7E243DC7E0888DEC3D486F /* XCRemoteSwiftPackageReference "mlx-swift" */;
			productName = MLXOptimizers;
		};
/* End XCSwiftPackageProductDependency section */
	};
	rootObject = DD09C9E169D3A267817EA875 /* Project object */;
}
