{
  "pins" : [
    {
      "identity" : "color-ios",
      "kind" : "remoteSourceControl",
      "location" : "https://github.com/ngageoint/color-ios",
      "state" : {
        "revision" : "1c588dafaf599a32d9adc29880264281dfbf286f",
        "version" : "2.0.0"
      }
    },
    {
      "identity" : "coordinate-reference-systems-ios",
      "kind" : "remoteSourceControl",
      "location" : "https://github.com/ngageoint/coordinate-reference-systems-ios.git",
      "state" : {
        "revision" : "d0d8cd34710aa78adb1bef3cdb2bf09a18356fa0",
        "version" : "2.0.0"
      }
    },
    {
      "identity" : "cryptoswift",
      "kind" : "remoteSourceControl",
      "location" : "https://github.com/krzyzanowskim/CryptoSwift",
      "state" : {
        "revision" : "e45a26384239e028ec87fbcc788f513b67e10d8f",
        "version" : "1.9.0"
      }
    },
    {
      "identity" : "eventsource",
      "kind" : "remoteSourceControl",
      "location" : "https://github.com/mattt/EventSource.git",
      "state" : {
        "revision" : "a3a85a85214caf642abaa96ae664e4c772a59f6e",
        "version" : "1.4.1"
      }
    },
    {
      "identity" : "gars-ios",
      "kind" : "remoteSourceControl",
      "location" : "https://github.com/ngageoint/gars-ios",
      "state" : {
        "revision" : "475c819730e97cb2608f071ae999aaae7018a6b5",
        "version" : "2.0.0"
      }
    },
    {
      "identity" : "geopackage-ios",
      "kind" : "remoteSourceControl",
      "location" : "https://github.com/ngageoint/geopackage-ios",
      "state" : {
        "revision" : "55ef7d9221dd4c7bf8eef30fff9d65482e19e8ec",
        "version" : "9.0.0"
      }
    },
    {
      "identity" : "grid-ios",
      "kind" : "remoteSourceControl",
      "location" : "https://github.com/ngageoint/grid-ios",
      "state" : {
        "revision" : "9370e0042a6c78588486d345ab1133f450889508",
        "version" : "2.0.0"
      }
    },
    {
      "identity" : "mgrs-ios",
      "kind" : "remoteSourceControl",
      "location" : "https://github.com/ngageoint/mgrs-ios",
      "state" : {
        "revision" : "8080304310058507e2818fd9f8138bc26a2567e3",
        "version" : "2.0.0"
      }
    },
    {
      "identity" : "mlx-swift",
      "kind" : "remoteSourceControl",
      "location" : "https://github.com/ml-explore/mlx-swift",
      "state" : {
        "revision" : "6ba4827fb82c97d012eec9ab4b2de21f85c3b33d",
        "version" : "0.30.6"
      }
    },
    {
      "identity" : "mlx-swift-lm",
      "kind" : "remoteSourceControl",
      "location" : "https://github.com/ml-explore/mlx-swift-lm",
      "state" : {
        "branch" : "main",
        "revision" : "bc3c20ef4644c86f2b347debcfe1efe4308712a6"
      }
    },
    {
      "identity" : "multipeerkit",
      "kind" : "remoteSourceControl",
      "location" : "https://github.com/insidegui/MultipeerKit",
      "state" : {
        "revision" : "ee013fd04f20166ea40ff456a67058c040289c1c",
        "version" : "0.4.0"
      }
    },
    {
      "identity" : "ogc-api-features-json-ios",
      "kind" : "remoteSourceControl",
      "location" : "https://github.com/ngageoint/ogc-api-features-json-ios",
      "state" : {
        "revision" : "fb7c085c30205d86dba22fdad38c4b63de1171de",
        "version" : "5.0.0"
      }
    },
    {
      "identity" : "proj",
      "kind" : "remoteSourceControl",
      "location" : "https://github.com/ngageoint/PROJ.git",
      "state" : {
        "revision" : "336fced3634f438f81e0d435ad99658688d1cf71",
        "version" : "9.4.2"
      }
    },
    {
      "identity" : "projections-ios",
      "kind" : "remoteSourceControl",
      "location" : "https://github.com/ngageoint/projections-ios",
      "state" : {
        "revision" : "f05c424664072bbc9bd177c62f82368b08414253",
        "version" : "3.0.0"
      }
    },
    {
      "identity" : "simple-features-geojson-ios",
      "kind" : "remoteSourceControl",
      "location" : "https://github.com/ngageoint/simple-features-geojson-ios",
      "state" : {
        "revision" : "fec8acaee9b793e402c3e4a7660883b9259a1c75",
        "version" : "5.0.0"
      }
    },
    {
      "identity" : "simple-features-ios",
      "kind" : "remoteSourceControl",
      "location" : "https://github.com/ngageoint/simple-features-ios",
      "state" : {
        "revision" : "615127133c83122077dcf71daa53a9a93f05a347",
        "version" : "5.0.0"
      }
    },
    {
      "identity" : "simple-features-proj-ios",
      "kind" : "remoteSourceControl",
      "location" : "https://github.com/ngageoint/simple-features-proj-ios",
      "state" : {
        "revision" : "61a4291a61dd60a1b17e804c68e1ad90ce078ebb",
        "version" : "7.0.0"
      }
    },
    {
      "identity" : "simple-features-wkb-ios",
      "kind" : "remoteSourceControl",
      "location" : "https://github.com/ngageoint/simple-features-wkb-ios",
      "state" : {
        "revision" : "5e33516668372d8c3b130e8f38237b65ae6b042a",
        "version" : "5.0.0"
      }
    },
    {
      "identity" : "simple-features-wkt-ios",
      "kind" : "remoteSourceControl",
      "location" : "https://github.com/ngageoint/simple-features-wkt-ios",
      "state" : {
        "revision" : "b17eba292f15742853b604e3de2fa178f9eedeba",
        "version" : "3.0.0"
      }
    },
    {
      "identity" : "swift-asn1",
      "kind" : "remoteSourceControl",
      "location" : "https://github.com/apple/swift-asn1.git",
      "state" : {
        "revision" : "9f542610331815e29cc3821d3b6f488db8715517",
        "version" : "1.6.0"
      }
    },
    {
      "identity" : "swift-atomics",
      "kind" : "remoteSourceControl",
      "location" : "https://github.com/apple/swift-atomics.git",
      "state" : {
        "revision" : "b601256eab081c0f92f059e12818ac1d4f178ff7",
        "version" : "1.3.0"
      }
    },
    {
      "identity" : "swift-collections",
      "kind" : "remoteSourceControl",
      "location" : "https://github.com/apple/swift-collections.git",
      "state" : {
        "revision" : "6675bc0ff86e61436e615df6fc5174e043e57924",
        "version" : "1.4.1"
      }
    },
    {
      "identity" : "swift-crypto",
      "kind" : "remoteSourceControl",
      "location" : "https://github.com/apple/swift-crypto.git",
      "state" : {
        "revision" : "fa308c07a6fa04a727212d793e761460e41049c3",
        "version" : "4.3.0"
      }
    },
    {
      "identity" : "swift-huggingface",
      "kind" : "remoteSourceControl",
      "location" : "https://github.com/huggingface/swift-huggingface.git",
      "state" : {
        "revision" : "b721959445b617d0bf03910b2b4aced345fd93bf",
        "version" : "0.9.0"
      }
    },
    {
      "identity" : "swift-jinja",
      "kind" : "remoteSourceControl",
      "location" : "https://github.com/huggingface/swift-jinja.git",
      "state" : {
        "revision" : "f731f03bf746481d4fda07f817c3774390c4d5b9",
        "version" : "2.3.2"
      }
    },
    {
      "identity" : "swift-nio",
      "kind" : "remoteSourceControl",
      "location" : "https://github.com/apple/swift-nio.git",
      "state" : {
        "revision" : "b31565862a8f39866af50bc6676160d8dda7de35",
        "version" : "2.96.0"
      }
    },
    {
      "identity" : "swift-numerics",
      "kind" : "remoteSourceControl",
      "location" : "https://github.com/apple/swift-numerics",
      "state" : {
        "revision" : "0c0290ff6b24942dadb83a929ffaaa1481df04a2",
        "version" : "1.1.1"
      }
    },
    {
      "identity" : "swift-system",
      "kind" : "remoteSourceControl",
      "location" : "https://github.com/apple/swift-system.git",
      "state" : {
        "revision" : "7c6ad0fc39d0763e0b699210e4124afd5041c5df",
        "version" : "1.6.4"
      }
    },
    {
      "identity" : "swift-transformers",
      "kind" : "remoteSourceControl",
      "location" : "https://github.com/huggingface/swift-transformers",
      "state" : {
        "revision" : "eed7264ac5e4ec5dfa6165c6e5c5577364344fe4",
        "version" : "1.2.0"
      }
    },
    {
      "identity" : "tiff-ios",
      "kind" : "remoteSourceControl",
      "location" : "https://github.com/ngageoint/tiff-ios",
      "state" : {
        "revision" : "2e019be5231352eef1854492bd25f80174b0f902",
        "version" : "5.0.0"
      }
    },
    {
      "identity" : "yyjson",
      "kind" : "remoteSourceControl",
      "location" : "https://github.com/ibireme/yyjson.git",
      "state" : {
        "revision" : "8b4a38dc994a110abaec8a400615567bd996105f",
        "version" : "0.12.0"
      }
    }
  ],
  "version" : 2
}
